
Microsoft Visual Studio Solution File, Format Version 12.00
# Visual Studio Version 17
VisualStudioVersion = 17.0.31903.59
MinimumVisualStudioVersion = 10.0.40219.1
Project("{9A19103F-16F7-4668-BE54-9A1E7A4F7556}") = "Lab1-ProgramStructure", "Lab1-ProgramStructure\Lab1-ProgramStructure.csproj", "{6762CA35-5C77-46AB-8BF2-56F9B8F5ADCB}"
EndProject
Project("{9A19103F-16F7-4668-BE54-9A1E7A4F7556}") = "Lab2-MainFunction", "Lab2-MainFunction\Lab2-MainFunction.csproj", "{7FBC7FCA-7FFA-495A-A2B0-D0A2AAC83ECD}"
EndProject
Project("{9A19103F-16F7-4668-BE54-9A1E7A4F7556}") = "Lab3-ProgramStructure", "Lab3-ProgramStructure\Lab3-ProgramStructure.csproj", "{22E41DB7-394D-4BE1-A365-D224CAB3348A}"
EndProject
Global
	GlobalSection(SolutionConfigurationPlatforms) = preSolution
		Debug|Any CPU = Debug|Any CPU
		Release|Any CPU = Release|Any CPU
	EndGlobalSection
	GlobalSection(ProjectConfigurationPlatforms) = postSolution
		{6762CA35-5C77-46AB-8BF2-56F9B8F5ADCB}.Debug|Any CPU.ActiveCfg = Debug|Any CPU
		{6762CA35-5C77-46AB-8BF2-56F9B8F5ADCB}.Debug|Any CPU.Build.0 = Debug|Any CPU
		{6762CA35-5C77-46AB-8BF2-56F9B8F5ADCB}.Release|Any CPU.ActiveCfg = Release|Any CPU
		{6762CA35-5C77-46AB-8BF2-56F9B8F5ADCB}.Release|Any CPU.Build.0 = Release|Any CPU
		{7FBC7FCA-7FFA-495A-A2B0-D0A2AAC83ECD}.Debug|Any CPU.ActiveCfg = Debug|Any CPU
		{7FBC7FCA-7FFA-495A-A2B0-D0A2AAC83ECD}.Debug|Any CPU.Build.0 = Debug|Any CPU
		{7FBC7FCA-7FFA-495A-A2B0-D0A2AAC83ECD}.Release|Any CPU.ActiveCfg = Release|Any CPU
		{7FBC7FCA-7FFA-495A-A2B0-D0A2AAC83ECD}.Release|Any CPU.Build.0 = Release|Any CPU
		{22E41DB7-394D-4BE1-A365-D224CAB3348A}.Debug|Any CPU.ActiveCfg = Debug|Any CPU
		{22E41DB7-394D-4BE1-A365-D224CAB3348A}.Debug|Any CPU.Build.0 = Debug|Any CPU
		{22E41DB7-394D-4BE1-A365-D224CAB3348A}.Release|Any CPU.ActiveCfg = Release|Any CPU
		{22E41DB7-394D-4BE1-A365-D224CAB3348A}.Release|Any CPU.Build.0 = Release|Any CPU
	EndGlobalSection
	GlobalSection(SolutionProperties) = preSolution
		HideSolutionNode = FALSE
	EndGlobalSection
EndGlobal
