
Microsoft Visual Studio Solution File, Format Version 12.00
# Visual Studio Version 17
VisualStudioVersion = 17.0.31903.59
MinimumVisualStudioVersion = 10.0.40219.1
Project("{2150E333-8FDC-42A3-9474-1A3956D46DE8}") = "01-Installation", "01-Installation", "{D21A6B77-795D-4F8D-9ED3-E01C13A4DA1D}"
	ProjectSection(SolutionItems) = preProject
		install.ps1 = install.ps1
		install.sh = install.sh
	EndProjectSection
EndProject
Global
	GlobalSection(SolutionConfigurationPlatforms) = preSolution
		Debug|Any CPU = Debug|Any CPU
		Release|Any CPU = Release|Any CPU
	EndGlobalSection
	GlobalSection(SolutionProperties) = preSolution
		HideSolutionNode = FALSE
	EndGlobalSection
	GlobalSection(ExtensibilityGlobals) = postSolution
		SolutionGuid = {EAC93183-324C-4CB4-9AAA-D8BC60553393}
	EndGlobalSection
EndGlobal
